
Microsoft Visual Studio Solution File, Format Version 12.00
# Visual Studio Version 16
VisualStudioVersion = 16.0.31112.23
MinimumVisualStudioVersion = 10.0.40219.1
Project("{FAE04EC0-301F-11D3-BF4B-00C04F79EFBC}") = "OnlineBookStore", "OnlineBookStore\OnlineBookStore.csproj", "{428BF221-6A76-4243-98C4-7086C103F0D3}"
EndProject
Global
	GlobalSection(SolutionConfigurationPlatforms) = preSolution
		Debug|Any CPU = Debug|Any CPU
		Release|Any CPU = Release|Any CPU
	EndGlobalSection
	GlobalSection(ProjectConfigurationPlatforms) = postSolution
		{428BF221-6A76-4243-98C4-7086C103F0D3}.Debug|Any CPU.ActiveCfg = Debug|Any CPU
		{428BF221-6A76-4243-98C4-7086C103F0D3}.Debug|Any CPU.Build.0 = Debug|Any CPU
		{428BF221-6A76-4243-98C4-7086C103F0D3}.Release|Any CPU.ActiveCfg = Release|Any CPU
		{428BF221-6A76-4243-98C4-7086C103F0D3}.Release|Any CPU.Build.0 = Release|Any CPU
	EndGlobalSection
	GlobalSection(SolutionProperties) = preSolution
		HideSolutionNode = FALSE
	EndGlobalSection
	GlobalSection(ExtensibilityGlobals) = postSolution
		SolutionGuid = {A3F4B5B9-5A63-4166-9A31-BE9F8DB59866}
	EndGlobalSection
EndGlobal
